
Microsoft Visual Studio Solution File, Format Version 12.00
# Visual Studio Version 16
VisualStudioVersion = 25.0.1705.7
MinimumVisualStudioVersion = 10.0.40219.1
Project("{FAE04EC0-301F-11D3-BF4B-00C04F79EFBC}") = "nynyapiferdinands", "nynyapiferdinands\nynyapiferdinands.csproj", "{31ABD68E-F257-4B6B-BA13-C374F6A2D2A3}"
EndProject
Global
	GlobalSection(SolutionConfigurationPlatforms) = preSolution
		Debug|Any CPU = Debug|Any CPU
		Release|Any CPU = Release|Any CPU
	EndGlobalSection
	GlobalSection(ProjectConfigurationPlatforms) = postSolution
		{31ABD68E-F257-4B6B-BA13-C374F6A2D2A3}.Debug|Any CPU.ActiveCfg = Debug|Any CPU
		{31ABD68E-F257-4B6B-BA13-C374F6A2D2A3}.Debug|Any CPU.Build.0 = Debug|Any CPU
		{31ABD68E-F257-4B6B-BA13-C374F6A2D2A3}.Release|Any CPU.ActiveCfg = Release|Any CPU
		{31ABD68E-F257-4B6B-BA13-C374F6A2D2A3}.Release|Any CPU.Build.0 = Release|Any CPU
	EndGlobalSection
	GlobalSection(SolutionProperties) = preSolution
		HideSolutionNode = FALSE
	EndGlobalSection
	GlobalSection(ExtensibilityGlobals) = postSolution
		SolutionGuid = {E123131C-D1CB-423C-BB6D-EB451EFA3585}
	EndGlobalSection
EndGlobal
